
Microsoft Visual Studio Solution File, Format Version 12.00
# Visual Studio Version 17
VisualStudioVersion = 17.3.32819.101
MinimumVisualStudioVersion = 10.0.40219.1
Project("{FAE04EC0-301F-11D3-BF4B-00C04F79EFBC}") = "E-MailReader", "E-MailReader\E-MailReader.csproj", "{B358FD45-3ACD-4562-891F-15595F38C6C6}"
EndProject
Global
	GlobalSection(SolutionConfigurationPlatforms) = preSolution
		Debug|Any CPU = Debug|Any CPU
		Release|Any CPU = Release|Any CPU
	EndGlobalSection
	GlobalSection(ProjectConfigurationPlatforms) = postSolution
		{B358FD45-3ACD-4562-891F-15595F38C6C6}.Debug|Any CPU.ActiveCfg = Debug|Any CPU
		{B358FD45-3ACD-4562-891F-15595F38C6C6}.Debug|Any CPU.Build.0 = Debug|Any CPU
		{B358FD45-3ACD-4562-891F-15595F38C6C6}.Release|Any CPU.ActiveCfg = Release|Any CPU
		{B358FD45-3ACD-4562-891F-15595F38C6C6}.Release|Any CPU.Build.0 = Release|Any CPU
	EndGlobalSection
	GlobalSection(SolutionProperties) = preSolution
		HideSolutionNode = FALSE
	EndGlobalSection
	GlobalSection(ExtensibilityGlobals) = postSolution
		SolutionGuid = {A753E3E6-9A9F-4FA4-A340-0CD77282EA6A}
	EndGlobalSection
EndGlobal
